
Microsoft Visual Studio Solution File, Format Version 12.00
# Visual Studio Version 16
VisualStudioVersion = 25.0.1705.4
MinimumVisualStudioVersion = 10.0.40219.1
Project("{FAE04EC0-301F-11D3-BF4B-00C04F79EFBC}") = "Inventory.Web", "Inventory.web\Inventory.web.csproj", "{A72C2234-108B-4183-BED9-B294E1571198}"
EndProject
Project("{FAE04EC0-301F-11D3-BF4B-00C04F79EFBC}") = "Inventory.Repository", "Inventory.Repository\Inventory.Repository.csproj", "{AC9924FF-F6B2-4517-9EC7-EF5EC5018F16}"
EndProject
Project("{FAE04EC0-301F-11D3-BF4B-00C04F79EFBC}") = "Inventory.Models", "Inventory.Model\Inventory.Models.csproj", "{31FEC3ED-4B8D-4BB3-8E6C-A244035B792E}"
EndProject
Project("{FAE04EC0-301F-11D3-BF4B-00C04F79EFBC}") = "Inventory.Utility", "Inventory.Utikity\Inventory.Utility.csproj", "{6BA1ACA4-FA80-41A5-B135-4D3B77DB2365}"
EndProject
Project("{FAE04EC0-301F-11D3-BF4B-00C04F79EFBC}") = "Inventory.Services", "Inventory.Services\Inventory.Services.csproj", "{A943075A-2704-4FC7-981D-5EA876651556}"
EndProject
Global
	GlobalSection(SolutionConfigurationPlatforms) = preSolution
		Debug|Any CPU = Debug|Any CPU
		Release|Any CPU = Release|Any CPU
	EndGlobalSection
	GlobalSection(ProjectConfigurationPlatforms) = postSolution
		{A72C2234-108B-4183-BED9-B294E1571198}.Debug|Any CPU.ActiveCfg = Debug|Any CPU
		{A72C2234-108B-4183-BED9-B294E1571198}.Debug|Any CPU.Build.0 = Debug|Any CPU
		{A72C2234-108B-4183-BED9-B294E1571198}.Release|Any CPU.ActiveCfg = Release|Any CPU
		{A72C2234-108B-4183-BED9-B294E1571198}.Release|Any CPU.Build.0 = Release|Any CPU
		{AC9924FF-F6B2-4517-9EC7-EF5EC5018F16}.Debug|Any CPU.ActiveCfg = Debug|Any CPU
		{AC9924FF-F6B2-4517-9EC7-EF5EC5018F16}.Debug|Any CPU.Build.0 = Debug|Any CPU
		{AC9924FF-F6B2-4517-9EC7-EF5EC5018F16}.Release|Any CPU.ActiveCfg = Release|Any CPU
		{AC9924FF-F6B2-4517-9EC7-EF5EC5018F16}.Release|Any CPU.Build.0 = Release|Any CPU
		{31FEC3ED-4B8D-4BB3-8E6C-A244035B792E}.Debug|Any CPU.ActiveCfg = Debug|Any CPU
		{31FEC3ED-4B8D-4BB3-8E6C-A244035B792E}.Debug|Any CPU.Build.0 = Debug|Any CPU
		{31FEC3ED-4B8D-4BB3-8E6C-A244035B792E}.Release|Any CPU.ActiveCfg = Release|Any CPU
		{31FEC3ED-4B8D-4BB3-8E6C-A244035B792E}.Release|Any CPU.Build.0 = Release|Any CPU
		{6BA1ACA4-FA80-41A5-B135-4D3B77DB2365}.Debug|Any CPU.ActiveCfg = Debug|Any CPU
		{6BA1ACA4-FA80-41A5-B135-4D3B77DB2365}.Debug|Any CPU.Build.0 = Debug|Any CPU
		{6BA1ACA4-FA80-41A5-B135-4D3B77DB2365}.Release|Any CPU.ActiveCfg = Release|Any CPU
		{6BA1ACA4-FA80-41A5-B135-4D3B77DB2365}.Release|Any CPU.Build.0 = Release|Any CPU
		{A943075A-2704-4FC7-981D-5EA876651556}.Debug|Any CPU.ActiveCfg = Debug|Any CPU
		{A943075A-2704-4FC7-981D-5EA876651556}.Debug|Any CPU.Build.0 = Debug|Any CPU
		{A943075A-2704-4FC7-981D-5EA876651556}.Release|Any CPU.ActiveCfg = Release|Any CPU
		{A943075A-2704-4FC7-981D-5EA876651556}.Release|Any CPU.Build.0 = Release|Any CPU
	EndGlobalSection
	GlobalSection(SolutionProperties) = preSolution
		HideSolutionNode = FALSE
	EndGlobalSection
	GlobalSection(ExtensibilityGlobals) = postSolution
		SolutionGuid = {6D2CC02E-4C08-4652-B448-8D1BD6F408CD}
	EndGlobalSection
EndGlobal
